dependencies:
- name: postgresql
  repository: https://charts.bitnami.com/bitnami
  version: 16.7.27
- name: redis
  repository: https://charts.bitnami.com/bitnami
  version: 22.0.7
- name: minio
  repository: https://charts.bitnami.com/bitnami
  version: 17.0.21
digest: sha256:0a7ae6ec4e7babe3f726322a71a95ca1bdea4027cf9f4e4594f7b34adabca217
generated: "2025-09-29T16:51:42.767976975+02:00"
